
Microsoft Visual Studio Solution File, Format Version 12.00
# Visual Studio Version 16
VisualStudioVersion = 16.0.30907.101
MinimumVisualStudioVersion = 10.0.40219.1
Project("{9A19103F-16F7-4668-BE54-9A1E7A4F7556}") = "Commons", "Commons\Commons.csproj", "{9FB9C31B-54CB-4968-8B4B-085D8E02CCC5}"
EndProject
Project("{9A19103F-16F7-4668-BE54-9A1E7A4F7556}") = "T4Template", "T4Template\T4Template.csproj", "{89CCF2DF-9F9A-4C0F-9D77-5E8666FF67F7}"
EndProject
Project("{9A19103F-16F7-4668-BE54-9A1E7A4F7556}") = "T4Template.Test", "T4Template.Test\T4Template.Test.csproj", "{98C40EC5-1ED7-4DBD-8BE2-923B0151C5C2}"
EndProject
Project("{FAE04EC0-301F-11D3-BF4B-00C04F79EFBC}") = "Benchmarks", "Benchmarks\Benchmarks.csproj", "{3CACC4DD-11EF-4BDD-8A65-2B01FD584726}"
EndProject
Project("{FAE04EC0-301F-11D3-BF4B-00C04F79EFBC}") = "NotGenerated", "NotGenerated\NotGenerated.csproj", "{DE3E47E0-E388-4682-B9FC-A6C43C88F8AB}"
EndProject
Project("{FAE04EC0-301F-11D3-BF4B-00C04F79EFBC}") = "NotGenerated.Test", "NotGenerated.Test\NotGenerated.Test.csproj", "{E80D2949-1734-4CD5-911F-885DC21DAFE8}"
EndProject
Project("{FAE04EC0-301F-11D3-BF4B-00C04F79EFBC}") = "Reflection", "Reflection\Reflection.csproj", "{4CDE1CB7-3291-4B73-B025-1B7A4A6ECE26}"
EndProject
Project("{FAE04EC0-301F-11D3-BF4B-00C04F79EFBC}") = "Reflection.Test", "Reflection.Test\Reflection.Test.csproj", "{10E821AB-4049-4F6A-83D8-438CCFE098EF}"
EndProject
Global
	GlobalSection(SolutionConfigurationPlatforms) = preSolution
		Debug|Any CPU = Debug|Any CPU
		Release|Any CPU = Release|Any CPU
	EndGlobalSection
	GlobalSection(ProjectConfigurationPlatforms) = postSolution
		{9FB9C31B-54CB-4968-8B4B-085D8E02CCC5}.Debug|Any CPU.ActiveCfg = Debug|Any CPU
		{9FB9C31B-54CB-4968-8B4B-085D8E02CCC5}.Debug|Any CPU.Build.0 = Debug|Any CPU
		{9FB9C31B-54CB-4968-8B4B-085D8E02CCC5}.Release|Any CPU.ActiveCfg = Release|Any CPU
		{9FB9C31B-54CB-4968-8B4B-085D8E02CCC5}.Release|Any CPU.Build.0 = Release|Any CPU
		{89CCF2DF-9F9A-4C0F-9D77-5E8666FF67F7}.Debug|Any CPU.ActiveCfg = Debug|Any CPU
		{89CCF2DF-9F9A-4C0F-9D77-5E8666FF67F7}.Debug|Any CPU.Build.0 = Debug|Any CPU
		{89CCF2DF-9F9A-4C0F-9D77-5E8666FF67F7}.Release|Any CPU.ActiveCfg = Release|Any CPU
		{89CCF2DF-9F9A-4C0F-9D77-5E8666FF67F7}.Release|Any CPU.Build.0 = Release|Any CPU
		{98C40EC5-1ED7-4DBD-8BE2-923B0151C5C2}.Debug|Any CPU.ActiveCfg = Debug|Any CPU
		{98C40EC5-1ED7-4DBD-8BE2-923B0151C5C2}.Debug|Any CPU.Build.0 = Debug|Any CPU
		{98C40EC5-1ED7-4DBD-8BE2-923B0151C5C2}.Release|Any CPU.ActiveCfg = Release|Any CPU
		{98C40EC5-1ED7-4DBD-8BE2-923B0151C5C2}.Release|Any CPU.Build.0 = Release|Any CPU
		{3CACC4DD-11EF-4BDD-8A65-2B01FD584726}.Debug|Any CPU.ActiveCfg = Debug|Any CPU
		{3CACC4DD-11EF-4BDD-8A65-2B01FD584726}.Debug|Any CPU.Build.0 = Debug|Any CPU
		{3CACC4DD-11EF-4BDD-8A65-2B01FD584726}.Release|Any CPU.ActiveCfg = Release|Any CPU
		{3CACC4DD-11EF-4BDD-8A65-2B01FD584726}.Release|Any CPU.Build.0 = Release|Any CPU
		{DE3E47E0-E388-4682-B9FC-A6C43C88F8AB}.Debug|Any CPU.ActiveCfg = Debug|Any CPU
		{DE3E47E0-E388-4682-B9FC-A6C43C88F8AB}.Debug|Any CPU.Build.0 = Debug|Any CPU
		{DE3E47E0-E388-4682-B9FC-A6C43C88F8AB}.Release|Any CPU.ActiveCfg = Release|Any CPU
		{DE3E47E0-E388-4682-B9FC-A6C43C88F8AB}.Release|Any CPU.Build.0 = Release|Any CPU
		{E80D2949-1734-4CD5-911F-885DC21DAFE8}.Debug|Any CPU.ActiveCfg = Debug|Any CPU
		{E80D2949-1734-4CD5-911F-885DC21DAFE8}.Debug|Any CPU.Build.0 = Debug|Any CPU
		{E80D2949-1734-4CD5-911F-885DC21DAFE8}.Release|Any CPU.ActiveCfg = Release|Any CPU
		{E80D2949-1734-4CD5-911F-885DC21DAFE8}.Release|Any CPU.Build.0 = Release|Any CPU
		{4CDE1CB7-3291-4B73-B025-1B7A4A6ECE26}.Debug|Any CPU.ActiveCfg = Debug|Any CPU
		{4CDE1CB7-3291-4B73-B025-1B7A4A6ECE26}.Debug|Any CPU.Build.0 = Debug|Any CPU
		{4CDE1CB7-3291-4B73-B025-1B7A4A6ECE26}.Release|Any CPU.ActiveCfg = Release|Any CPU
		{4CDE1CB7-3291-4B73-B025-1B7A4A6ECE26}.Release|Any CPU.Build.0 = Release|Any CPU
		{10E821AB-4049-4F6A-83D8-438CCFE098EF}.Debug|Any CPU.ActiveCfg = Debug|Any CPU
		{10E821AB-4049-4F6A-83D8-438CCFE098EF}.Debug|Any CPU.Build.0 = Debug|Any CPU
		{10E821AB-4049-4F6A-83D8-438CCFE098EF}.Release|Any CPU.ActiveCfg = Release|Any CPU
		{10E821AB-4049-4F6A-83D8-438CCFE098EF}.Release|Any CPU.Build.0 = Release|Any CPU
	EndGlobalSection
	GlobalSection(SolutionProperties) = preSolution
		HideSolutionNode = FALSE
	EndGlobalSection
	GlobalSection(ExtensibilityGlobals) = postSolution
		SolutionGuid = {72B50233-FDB1-4C30-A46B-792DBA871D74}
	EndGlobalSection
EndGlobal
