
Microsoft Visual Studio Solution File, Format Version 12.00
# Visual Studio Version 16
VisualStudioVersion = 16.0.30907.101
MinimumVisualStudioVersion = 10.0.40219.1
Project("{9A19103F-16F7-4668-BE54-9A1E7A4F7556}") = "Commons", "Commons\Commons.csproj", "{9FB9C31B-54CB-4968-8B4B-085D8E02CCC5}"
EndProject
Project("{9A19103F-16F7-4668-BE54-9A1E7A4F7556}") = "T4Template", "T4Template\T4Template.csproj", "{89CCF2DF-9F9A-4C0F-9D77-5E8666FF67F7}"
EndProject
Project("{9A19103F-16F7-4668-BE54-9A1E7A4F7556}") = "T4Template.Test", "T4Template.Test\T4Template.Test.csproj", "{98C40EC5-1ED7-4DBD-8BE2-923B0151C5C2}"
EndProject
Project("{9A19103F-16F7-4668-BE54-9A1E7A4F7556}") = "Benchmarks", "Benchmarks\Benchmarks.csproj", "{3CACC4DD-11EF-4BDD-8A65-2B01FD584726}"
EndProject
Project("{9A19103F-16F7-4668-BE54-9A1E7A4F7556}") = "NotGenerated", "NotGenerated\NotGenerated.csproj", "{DE3E47E0-E388-4682-B9FC-A6C43C88F8AB}"
EndProject
Project("{9A19103F-16F7-4668-BE54-9A1E7A4F7556}") = "NotGenerated.Test", "NotGenerated.Test\NotGenerated.Test.csproj", "{E80D2949-1734-4CD5-911F-885DC21DAFE8}"
EndProject
Project("{9A19103F-16F7-4668-BE54-9A1E7A4F7556}") = "Reflection", "Reflection\Reflection.csproj", "{4CDE1CB7-3291-4B73-B025-1B7A4A6ECE26}"
EndProject
Project("{9A19103F-16F7-4668-BE54-9A1E7A4F7556}") = "Reflection.Test", "Reflection.Test\Reflection.Test.csproj", "{10E821AB-4049-4F6A-83D8-438CCFE098EF}"
EndProject
Project("{9A19103F-16F7-4668-BE54-9A1E7A4F7556}") = "ReflectionWithCache", "ReflectionWithCache\ReflectionWithCache.csproj", "{93E7ABF7-E334-404D-8E74-3F6600CE8063}"
EndProject
Project("{9A19103F-16F7-4668-BE54-9A1E7A4F7556}") = "ReflectionWithCache.Test", "ReflectionWithCache.Test\ReflectionWithCache.Test.csproj", "{21AEE759-1101-402D-8465-8EFAB6BD812F}"
EndProject
Project("{9A19103F-16F7-4668-BE54-9A1E7A4F7556}") = "ExpressionTree", "ExpressionTree\ExpressionTree.csproj", "{9F3DEC73-FFE1-4E6E-9233-E86A0E04AD80}"
EndProject
Project("{9A19103F-16F7-4668-BE54-9A1E7A4F7556}") = "ExpressionTree.Test", "ExpressionTree.Test\ExpressionTree.Test.csproj", "{02D5912E-5F98-497E-84F0-61AFB244DB7F}"
EndProject
Project("{9A19103F-16F7-4668-BE54-9A1E7A4F7556}") = "ExpressionTreeWithCache", "ExpressionTreeWithCache\ExpressionTreeWithCache.csproj", "{95CEB836-8917-4278-B725-B43C7E3C459F}"
EndProject
Project("{9A19103F-16F7-4668-BE54-9A1E7A4F7556}") = "ExpressionTreeWithCache.Test", "ExpressionTreeWithCache.Test\ExpressionTreeWithCache.Test.csproj", "{8673D606-B50A-4708-83A6-E7D706457ACA}"
EndProject
Project("{9A19103F-16F7-4668-BE54-9A1E7A4F7556}") = "SourceGenerator", "SourceGenerator\SourceGenerator.csproj", "{A8A2194C-EB92-403A-9DCE-1EB28994307C}"
EndProject
Project("{9A19103F-16F7-4668-BE54-9A1E7A4F7556}") = "SourceGenerator.Test", "SourceGenerator.Test\SourceGenerator.Test.csproj", "{A3D5C6F1-DE33-4B4A-92D0-A1728488D485}"
EndProject
Project("{9A19103F-16F7-4668-BE54-9A1E7A4F7556}") = "EqualsGenerator", "EqualsGenerator\EqualsGenerator.csproj", "{B9A2D11F-5DAB-4435-BF25-28BDEEC36B62}"
EndProject
Project("{9A19103F-16F7-4668-BE54-9A1E7A4F7556}") = "ILGenerator", "ILGenerator\ILGenerator.csproj", "{2D3C87D5-2A62-4693-B24B-A91F3B712577}"
EndProject
Project("{9A19103F-16F7-4668-BE54-9A1E7A4F7556}") = "ILGenerator.Test", "ILGenerator.Test\ILGenerator.Test.csproj", "{F29B4E6B-D8C7-4925-8535-052A3BC260C9}"
EndProject
Project("{2150E333-8FDC-42A3-9474-1A3956D46DE8}") = "ExpressionTree", "ExpressionTree", "{6651C0C9-DBCC-4D74-94B5-264985D65CFC}"
EndProject
Project("{2150E333-8FDC-42A3-9474-1A3956D46DE8}") = "ExpressionTreeWithCache", "ExpressionTreeWithCache", "{B6614F52-4555-494B-A418-55AF56504367}"
EndProject
Project("{2150E333-8FDC-42A3-9474-1A3956D46DE8}") = "ILGenerator", "ILGenerator", "{3500B0EC-AD1D-4768-A1E6-0FFB55BA6E9F}"
EndProject
Project("{2150E333-8FDC-42A3-9474-1A3956D46DE8}") = "NotGenerated", "NotGenerated", "{A22212DA-A042-4BF9-8AC0-345220C7B8E4}"
EndProject
Project("{2150E333-8FDC-42A3-9474-1A3956D46DE8}") = "Reflection", "Reflection", "{06F4D051-7AF6-40EC-9FB8-62EFBDECA71E}"
EndProject
Project("{2150E333-8FDC-42A3-9474-1A3956D46DE8}") = "ReflectionWithCache", "ReflectionWithCache", "{F8CA9AC0-2EBA-45FC-9F96-AEB9E8AAF688}"
EndProject
Project("{2150E333-8FDC-42A3-9474-1A3956D46DE8}") = "SourceGenerator", "SourceGenerator", "{77D833ED-F621-4D37-97EA-1F0D6900C6A2}"
EndProject
Project("{2150E333-8FDC-42A3-9474-1A3956D46DE8}") = "T4Template", "T4Template", "{B78738ED-A442-4162-82A4-8659AD6AE5C5}"
EndProject
Project("{9A19103F-16F7-4668-BE54-9A1E7A4F7556}") = "Equals.Fody", "Equals.Fody\Equals.Fody.csproj", "{426E5885-925A-4D6F-83B1-82B221B30D53}"
EndProject
Global
	GlobalSection(SolutionConfigurationPlatforms) = preSolution
		Debug|Any CPU = Debug|Any CPU
		Release|Any CPU = Release|Any CPU
	EndGlobalSection
	GlobalSection(ProjectConfigurationPlatforms) = postSolution
		{9FB9C31B-54CB-4968-8B4B-085D8E02CCC5}.Debug|Any CPU.ActiveCfg = Debug|Any CPU
		{9FB9C31B-54CB-4968-8B4B-085D8E02CCC5}.Debug|Any CPU.Build.0 = Debug|Any CPU
		{9FB9C31B-54CB-4968-8B4B-085D8E02CCC5}.Release|Any CPU.ActiveCfg = Release|Any CPU
		{9FB9C31B-54CB-4968-8B4B-085D8E02CCC5}.Release|Any CPU.Build.0 = Release|Any CPU
		{89CCF2DF-9F9A-4C0F-9D77-5E8666FF67F7}.Debug|Any CPU.ActiveCfg = Debug|Any CPU
		{89CCF2DF-9F9A-4C0F-9D77-5E8666FF67F7}.Debug|Any CPU.Build.0 = Debug|Any CPU
		{89CCF2DF-9F9A-4C0F-9D77-5E8666FF67F7}.Release|Any CPU.ActiveCfg = Release|Any CPU
		{89CCF2DF-9F9A-4C0F-9D77-5E8666FF67F7}.Release|Any CPU.Build.0 = Release|Any CPU
		{98C40EC5-1ED7-4DBD-8BE2-923B0151C5C2}.Debug|Any CPU.ActiveCfg = Debug|Any CPU
		{98C40EC5-1ED7-4DBD-8BE2-923B0151C5C2}.Debug|Any CPU.Build.0 = Debug|Any CPU
		{98C40EC5-1ED7-4DBD-8BE2-923B0151C5C2}.Release|Any CPU.ActiveCfg = Release|Any CPU
		{98C40EC5-1ED7-4DBD-8BE2-923B0151C5C2}.Release|Any CPU.Build.0 = Release|Any CPU
		{3CACC4DD-11EF-4BDD-8A65-2B01FD584726}.Debug|Any CPU.ActiveCfg = Debug|Any CPU
		{3CACC4DD-11EF-4BDD-8A65-2B01FD584726}.Debug|Any CPU.Build.0 = Debug|Any CPU
		{3CACC4DD-11EF-4BDD-8A65-2B01FD584726}.Release|Any CPU.ActiveCfg = Release|Any CPU
		{3CACC4DD-11EF-4BDD-8A65-2B01FD584726}.Release|Any CPU.Build.0 = Release|Any CPU
		{DE3E47E0-E388-4682-B9FC-A6C43C88F8AB}.Debug|Any CPU.ActiveCfg = Debug|Any CPU
		{DE3E47E0-E388-4682-B9FC-A6C43C88F8AB}.Debug|Any CPU.Build.0 = Debug|Any CPU
		{DE3E47E0-E388-4682-B9FC-A6C43C88F8AB}.Release|Any CPU.ActiveCfg = Release|Any CPU
		{DE3E47E0-E388-4682-B9FC-A6C43C88F8AB}.Release|Any CPU.Build.0 = Release|Any CPU
		{E80D2949-1734-4CD5-911F-885DC21DAFE8}.Debug|Any CPU.ActiveCfg = Debug|Any CPU
		{E80D2949-1734-4CD5-911F-885DC21DAFE8}.Debug|Any CPU.Build.0 = Debug|Any CPU
		{E80D2949-1734-4CD5-911F-885DC21DAFE8}.Release|Any CPU.ActiveCfg = Release|Any CPU
		{E80D2949-1734-4CD5-911F-885DC21DAFE8}.Release|Any CPU.Build.0 = Release|Any CPU
		{4CDE1CB7-3291-4B73-B025-1B7A4A6ECE26}.Debug|Any CPU.ActiveCfg = Debug|Any CPU
		{4CDE1CB7-3291-4B73-B025-1B7A4A6ECE26}.Debug|Any CPU.Build.0 = Debug|Any CPU
		{4CDE1CB7-3291-4B73-B025-1B7A4A6ECE26}.Release|Any CPU.ActiveCfg = Release|Any CPU
		{4CDE1CB7-3291-4B73-B025-1B7A4A6ECE26}.Release|Any CPU.Build.0 = Release|Any CPU
		{10E821AB-4049-4F6A-83D8-438CCFE098EF}.Debug|Any CPU.ActiveCfg = Debug|Any CPU
		{10E821AB-4049-4F6A-83D8-438CCFE098EF}.Debug|Any CPU.Build.0 = Debug|Any CPU
		{10E821AB-4049-4F6A-83D8-438CCFE098EF}.Release|Any CPU.ActiveCfg = Release|Any CPU
		{10E821AB-4049-4F6A-83D8-438CCFE098EF}.Release|Any CPU.Build.0 = Release|Any CPU
		{93E7ABF7-E334-404D-8E74-3F6600CE8063}.Debug|Any CPU.ActiveCfg = Debug|Any CPU
		{93E7ABF7-E334-404D-8E74-3F6600CE8063}.Debug|Any CPU.Build.0 = Debug|Any CPU
		{93E7ABF7-E334-404D-8E74-3F6600CE8063}.Release|Any CPU.ActiveCfg = Release|Any CPU
		{93E7ABF7-E334-404D-8E74-3F6600CE8063}.Release|Any CPU.Build.0 = Release|Any CPU
		{21AEE759-1101-402D-8465-8EFAB6BD812F}.Debug|Any CPU.ActiveCfg = Debug|Any CPU
		{21AEE759-1101-402D-8465-8EFAB6BD812F}.Debug|Any CPU.Build.0 = Debug|Any CPU
		{21AEE759-1101-402D-8465-8EFAB6BD812F}.Release|Any CPU.ActiveCfg = Release|Any CPU
		{21AEE759-1101-402D-8465-8EFAB6BD812F}.Release|Any CPU.Build.0 = Release|Any CPU
		{9F3DEC73-FFE1-4E6E-9233-E86A0E04AD80}.Debug|Any CPU.ActiveCfg = Debug|Any CPU
		{9F3DEC73-FFE1-4E6E-9233-E86A0E04AD80}.Debug|Any CPU.Build.0 = Debug|Any CPU
		{9F3DEC73-FFE1-4E6E-9233-E86A0E04AD80}.Release|Any CPU.ActiveCfg = Release|Any CPU
		{9F3DEC73-FFE1-4E6E-9233-E86A0E04AD80}.Release|Any CPU.Build.0 = Release|Any CPU
		{02D5912E-5F98-497E-84F0-61AFB244DB7F}.Debug|Any CPU.ActiveCfg = Debug|Any CPU
		{02D5912E-5F98-497E-84F0-61AFB244DB7F}.Debug|Any CPU.Build.0 = Debug|Any CPU
		{02D5912E-5F98-497E-84F0-61AFB244DB7F}.Release|Any CPU.ActiveCfg = Release|Any CPU
		{02D5912E-5F98-497E-84F0-61AFB244DB7F}.Release|Any CPU.Build.0 = Release|Any CPU
		{95CEB836-8917-4278-B725-B43C7E3C459F}.Debug|Any CPU.ActiveCfg = Debug|Any CPU
		{95CEB836-8917-4278-B725-B43C7E3C459F}.Debug|Any CPU.Build.0 = Debug|Any CPU
		{95CEB836-8917-4278-B725-B43C7E3C459F}.Release|Any CPU.ActiveCfg = Release|Any CPU
		{95CEB836-8917-4278-B725-B43C7E3C459F}.Release|Any CPU.Build.0 = Release|Any CPU
		{8673D606-B50A-4708-83A6-E7D706457ACA}.Debug|Any CPU.ActiveCfg = Debug|Any CPU
		{8673D606-B50A-4708-83A6-E7D706457ACA}.Debug|Any CPU.Build.0 = Debug|Any CPU
		{8673D606-B50A-4708-83A6-E7D706457ACA}.Release|Any CPU.ActiveCfg = Release|Any CPU
		{8673D606-B50A-4708-83A6-E7D706457ACA}.Release|Any CPU.Build.0 = Release|Any CPU
		{A8A2194C-EB92-403A-9DCE-1EB28994307C}.Debug|Any CPU.ActiveCfg = Debug|Any CPU
		{A8A2194C-EB92-403A-9DCE-1EB28994307C}.Debug|Any CPU.Build.0 = Debug|Any CPU
		{A8A2194C-EB92-403A-9DCE-1EB28994307C}.Release|Any CPU.ActiveCfg = Release|Any CPU
		{A8A2194C-EB92-403A-9DCE-1EB28994307C}.Release|Any CPU.Build.0 = Release|Any CPU
		{A3D5C6F1-DE33-4B4A-92D0-A1728488D485}.Debug|Any CPU.ActiveCfg = Debug|Any CPU
		{A3D5C6F1-DE33-4B4A-92D0-A1728488D485}.Debug|Any CPU.Build.0 = Debug|Any CPU
		{A3D5C6F1-DE33-4B4A-92D0-A1728488D485}.Release|Any CPU.ActiveCfg = Release|Any CPU
		{A3D5C6F1-DE33-4B4A-92D0-A1728488D485}.Release|Any CPU.Build.0 = Release|Any CPU
		{B9A2D11F-5DAB-4435-BF25-28BDEEC36B62}.Debug|Any CPU.ActiveCfg = Debug|Any CPU
		{B9A2D11F-5DAB-4435-BF25-28BDEEC36B62}.Debug|Any CPU.Build.0 = Debug|Any CPU
		{B9A2D11F-5DAB-4435-BF25-28BDEEC36B62}.Release|Any CPU.ActiveCfg = Release|Any CPU
		{B9A2D11F-5DAB-4435-BF25-28BDEEC36B62}.Release|Any CPU.Build.0 = Release|Any CPU
		{2D3C87D5-2A62-4693-B24B-A91F3B712577}.Debug|Any CPU.ActiveCfg = Debug|Any CPU
		{2D3C87D5-2A62-4693-B24B-A91F3B712577}.Debug|Any CPU.Build.0 = Debug|Any CPU
		{2D3C87D5-2A62-4693-B24B-A91F3B712577}.Release|Any CPU.ActiveCfg = Release|Any CPU
		{2D3C87D5-2A62-4693-B24B-A91F3B712577}.Release|Any CPU.Build.0 = Release|Any CPU
		{F29B4E6B-D8C7-4925-8535-052A3BC260C9}.Debug|Any CPU.ActiveCfg = Debug|Any CPU
		{F29B4E6B-D8C7-4925-8535-052A3BC260C9}.Debug|Any CPU.Build.0 = Debug|Any CPU
		{F29B4E6B-D8C7-4925-8535-052A3BC260C9}.Release|Any CPU.ActiveCfg = Release|Any CPU
		{F29B4E6B-D8C7-4925-8535-052A3BC260C9}.Release|Any CPU.Build.0 = Release|Any CPU
		{426E5885-925A-4D6F-83B1-82B221B30D53}.Debug|Any CPU.ActiveCfg = Debug|Any CPU
		{426E5885-925A-4D6F-83B1-82B221B30D53}.Debug|Any CPU.Build.0 = Debug|Any CPU
		{426E5885-925A-4D6F-83B1-82B221B30D53}.Release|Any CPU.ActiveCfg = Release|Any CPU
		{426E5885-925A-4D6F-83B1-82B221B30D53}.Release|Any CPU.Build.0 = Release|Any CPU
	EndGlobalSection
	GlobalSection(SolutionProperties) = preSolution
		HideSolutionNode = FALSE
	EndGlobalSection
	GlobalSection(NestedProjects) = preSolution
		{89CCF2DF-9F9A-4C0F-9D77-5E8666FF67F7} = {B78738ED-A442-4162-82A4-8659AD6AE5C5}
		{98C40EC5-1ED7-4DBD-8BE2-923B0151C5C2} = {B78738ED-A442-4162-82A4-8659AD6AE5C5}
		{DE3E47E0-E388-4682-B9FC-A6C43C88F8AB} = {A22212DA-A042-4BF9-8AC0-345220C7B8E4}
		{E80D2949-1734-4CD5-911F-885DC21DAFE8} = {A22212DA-A042-4BF9-8AC0-345220C7B8E4}
		{4CDE1CB7-3291-4B73-B025-1B7A4A6ECE26} = {06F4D051-7AF6-40EC-9FB8-62EFBDECA71E}
		{10E821AB-4049-4F6A-83D8-438CCFE098EF} = {06F4D051-7AF6-40EC-9FB8-62EFBDECA71E}
		{93E7ABF7-E334-404D-8E74-3F6600CE8063} = {F8CA9AC0-2EBA-45FC-9F96-AEB9E8AAF688}
		{21AEE759-1101-402D-8465-8EFAB6BD812F} = {F8CA9AC0-2EBA-45FC-9F96-AEB9E8AAF688}
		{9F3DEC73-FFE1-4E6E-9233-E86A0E04AD80} = {6651C0C9-DBCC-4D74-94B5-264985D65CFC}
		{02D5912E-5F98-497E-84F0-61AFB244DB7F} = {6651C0C9-DBCC-4D74-94B5-264985D65CFC}
		{95CEB836-8917-4278-B725-B43C7E3C459F} = {B6614F52-4555-494B-A418-55AF56504367}
		{8673D606-B50A-4708-83A6-E7D706457ACA} = {B6614F52-4555-494B-A418-55AF56504367}
		{A8A2194C-EB92-403A-9DCE-1EB28994307C} = {77D833ED-F621-4D37-97EA-1F0D6900C6A2}
		{A3D5C6F1-DE33-4B4A-92D0-A1728488D485} = {77D833ED-F621-4D37-97EA-1F0D6900C6A2}
		{B9A2D11F-5DAB-4435-BF25-28BDEEC36B62} = {77D833ED-F621-4D37-97EA-1F0D6900C6A2}
		{2D3C87D5-2A62-4693-B24B-A91F3B712577} = {3500B0EC-AD1D-4768-A1E6-0FFB55BA6E9F}
		{F29B4E6B-D8C7-4925-8535-052A3BC260C9} = {3500B0EC-AD1D-4768-A1E6-0FFB55BA6E9F}
		{426E5885-925A-4D6F-83B1-82B221B30D53} = {3500B0EC-AD1D-4768-A1E6-0FFB55BA6E9F}
	EndGlobalSection
	GlobalSection(ExtensibilityGlobals) = postSolution
		SolutionGuid = {72B50233-FDB1-4C30-A46B-792DBA871D74}
	EndGlobalSection
EndGlobal
