
Microsoft Visual Studio Solution File, Format Version 12.00
# Visual Studio Version 16
VisualStudioVersion = 16.0.30907.101
MinimumVisualStudioVersion = 10.0.40219.1
Project("{FAE04EC0-301F-11D3-BF4B-00C04F79EFBC}") = "Commons", "Commons\Commons.csproj", "{9FB9C31B-54CB-4968-8B4B-085D8E02CCC5}"
EndProject
Project("{FAE04EC0-301F-11D3-BF4B-00C04F79EFBC}") = "T4Template", "T4Template\T4Template.csproj", "{89CCF2DF-9F9A-4C0F-9D77-5E8666FF67F7}"
EndProject
Project("{FAE04EC0-301F-11D3-BF4B-00C04F79EFBC}") = "T4Template.Test", "T4Template.Test\T4Template.Test.csproj", "{98C40EC5-1ED7-4DBD-8BE2-923B0151C5C2}"
EndProject
Global
	GlobalSection(SolutionConfigurationPlatforms) = preSolution
		Debug|Any CPU = Debug|Any CPU
		Release|Any CPU = Release|Any CPU
	EndGlobalSection
	GlobalSection(ProjectConfigurationPlatforms) = postSolution
		{9FB9C31B-54CB-4968-8B4B-085D8E02CCC5}.Debug|Any CPU.ActiveCfg = Debug|Any CPU
		{9FB9C31B-54CB-4968-8B4B-085D8E02CCC5}.Debug|Any CPU.Build.0 = Debug|Any CPU
		{9FB9C31B-54CB-4968-8B4B-085D8E02CCC5}.Release|Any CPU.ActiveCfg = Release|Any CPU
		{9FB9C31B-54CB-4968-8B4B-085D8E02CCC5}.Release|Any CPU.Build.0 = Release|Any CPU
		{89CCF2DF-9F9A-4C0F-9D77-5E8666FF67F7}.Debug|Any CPU.ActiveCfg = Debug|Any CPU
		{89CCF2DF-9F9A-4C0F-9D77-5E8666FF67F7}.Debug|Any CPU.Build.0 = Debug|Any CPU
		{89CCF2DF-9F9A-4C0F-9D77-5E8666FF67F7}.Release|Any CPU.ActiveCfg = Release|Any CPU
		{89CCF2DF-9F9A-4C0F-9D77-5E8666FF67F7}.Release|Any CPU.Build.0 = Release|Any CPU
		{98C40EC5-1ED7-4DBD-8BE2-923B0151C5C2}.Debug|Any CPU.ActiveCfg = Debug|Any CPU
		{98C40EC5-1ED7-4DBD-8BE2-923B0151C5C2}.Debug|Any CPU.Build.0 = Debug|Any CPU
		{98C40EC5-1ED7-4DBD-8BE2-923B0151C5C2}.Release|Any CPU.ActiveCfg = Release|Any CPU
		{98C40EC5-1ED7-4DBD-8BE2-923B0151C5C2}.Release|Any CPU.Build.0 = Release|Any CPU
	EndGlobalSection
	GlobalSection(SolutionProperties) = preSolution
		HideSolutionNode = FALSE
	EndGlobalSection
	GlobalSection(ExtensibilityGlobals) = postSolution
		SolutionGuid = {72B50233-FDB1-4C30-A46B-792DBA871D74}
	EndGlobalSection
EndGlobal
